{
  "name": "redpanda-node",
  "version": "1.0.0",
  "lockfileVersion": 2,
  "requires": true,
  "packages": {
    "": {
      "name": "redpanda-node",
      "version": "1.0.0",
      "license": "ISC",
      "dependencies": {
        "kafkajs": "^2.2.0",
        "uuid": "^8.3.2"
      },
      "devDependencies": {
        "@types/node": "^18.7.6",
        "@types/uuid": "^8.3.4"
      }
    },
    "node_modules/@types/node": {
      "version": "18.7.6",
      "resolved": "https://registry.npmjs.org/@types/node/-/node-18.7.6.tgz",
      "integrity": "sha512-EdxgKRXgYsNITy5mjjXjVE/CS8YENSdhiagGrLqjG0pvA2owgJ6i4l7wy/PFZGC0B1/H20lWKN7ONVDNYDZm7A==",
      "dev": true
    },
    "node_modules/@types/uuid": {
      "version": "8.3.4",
      "resolved": "https://registry.npmjs.org/@types/uuid/-/uuid-8.3.4.tgz",
      "integrity": "sha512-c/I8ZRb51j+pYGAu5CrFMRxqZ2ke4y2grEBO5AUjgSkSk+qT2Ea+OdWElz/OiMf5MNpn2b17kuVBwZLQJXzihw==",
      "dev": true
    },
    "node_modules/kafkajs": {
      "version": "2.2.0",
      "resolved": "https://registry.npmjs.org/kafkajs/-/kafkajs-2.2.0.tgz",
      "integrity": "sha512-+sdgyLuC0Idw1g9LSBXjtoCr4K+vVaHP+tulzAK+V+HHvO3uW5woNkzLnbBx0MN4WRuEl/5g84M3FSkH0ZDzrA==",
      "engines": {
        "node": ">=14.0.0"
      }
    },
    "node_modules/uuid": {
      "version": "8.3.2",
      "resolved": "https://registry.npmjs.org/uuid/-/uuid-8.3.2.tgz",
      "integrity": "sha512-+NYs2QeMWy+GWFOEm9xnn6HCDp0l7QBD7ml8zLUmJ+93Q5NF0NocErnwkTkXVFNiX3/fpC6afS8Dhb/gz7R7eg==",
      "bin": {
        "uuid": "dist/bin/uuid"
      }
    }
  },
  "dependencies": {
    "@types/node": {
      "version": "18.7.6",
      "resolved": "https://registry.npmjs.org/@types/node/-/node-18.7.6.tgz",
      "integrity": "sha512-EdxgKRXgYsNITy5mjjXjVE/CS8YENSdhiagGrLqjG0pvA2owgJ6i4l7wy/PFZGC0B1/H20lWKN7ONVDNYDZm7A==",
      "dev": true
    },
    "@types/uuid": {
      "version": "8.3.4",
      "resolved": "https://registry.npmjs.org/@types/uuid/-/uuid-8.3.4.tgz",
      "integrity": "sha512-c/I8ZRb51j+pYGAu5CrFMRxqZ2ke4y2grEBO5AUjgSkSk+qT2Ea+OdWElz/OiMf5MNpn2b17kuVBwZLQJXzihw==",
      "dev": true
    },
    "kafkajs": {
      "version": "2.2.0",
      "resolved": "https://registry.npmjs.org/kafkajs/-/kafkajs-2.2.0.tgz",
      "integrity": "sha512-+sdgyLuC0Idw1g9LSBXjtoCr4K+vVaHP+tulzAK+V+HHvO3uW5woNkzLnbBx0MN4WRuEl/5g84M3FSkH0ZDzrA=="
    },
    "uuid": {
      "version": "8.3.2",
      "resolved": "https://registry.npmjs.org/uuid/-/uuid-8.3.2.tgz",
      "integrity": "sha512-+NYs2QeMWy+GWFOEm9xnn6HCDp0l7QBD7ml8zLUmJ+93Q5NF0NocErnwkTkXVFNiX3/fpC6afS8Dhb/gz7R7eg=="
    }
  }
}
